
Microsoft Visual Studio Solution File, Format Version 12.00
# Visual Studio Version 16
VisualStudioVersion = 16.0.31515.178
MinimumVisualStudioVersion = 10.0.40219.1
Project("{FAE04EC0-301F-11D3-BF4B-00C04F79EFBC}") = "FormUI", "FormUI\FormUI.csproj", "{8CB14117-6A9A-4B62-B741-2E8D1EEA0192}"
EndProject
Project("{FAE04EC0-301F-11D3-BF4B-00C04F79EFBC}") = "Entities", "Entities\Entities.csproj", "{498BD0FC-8D9A-408B-A6DA-B017C6125F83}"
EndProject
Project("{FAE04EC0-301F-11D3-BF4B-00C04F79EFBC}") = "Business", "Business\Business.csproj", "{FD3D901E-4A6A-419A-9C4F-8BB2F82B3DE2}"
EndProject
Project("{FAE04EC0-301F-11D3-BF4B-00C04F79EFBC}") = "DataAccess", "DataAccess\DataAccess.csproj", "{984CD8BE-58C7-451F-A196-AE28B317DA8B}"
EndProject
Project("{FAE04EC0-301F-11D3-BF4B-00C04F79EFBC}") = "Core", "Core\Core.csproj", "{1EFF4002-1B97-4557-91B1-788D08B6F045}"
EndProject
Project("{FAE04EC0-301F-11D3-BF4B-00C04F79EFBC}") = "TestConsole", "TestConsole\TestConsole.csproj", "{773EDC68-EC25-4B97-AECF-1F284FB49957}"
EndProject
Global
	GlobalSection(SolutionConfigurationPlatforms) = preSolution
		Debug|Any CPU = Debug|Any CPU
		Release|Any CPU = Release|Any CPU
	EndGlobalSection
	GlobalSection(ProjectConfigurationPlatforms) = postSolution
		{8CB14117-6A9A-4B62-B741-2E8D1EEA0192}.Debug|Any CPU.ActiveCfg = Debug|Any CPU
		{8CB14117-6A9A-4B62-B741-2E8D1EEA0192}.Debug|Any CPU.Build.0 = Debug|Any CPU
		{8CB14117-6A9A-4B62-B741-2E8D1EEA0192}.Release|Any CPU.ActiveCfg = Release|Any CPU
		{8CB14117-6A9A-4B62-B741-2E8D1EEA0192}.Release|Any CPU.Build.0 = Release|Any CPU
		{498BD0FC-8D9A-408B-A6DA-B017C6125F83}.Debug|Any CPU.ActiveCfg = Debug|Any CPU
		{498BD0FC-8D9A-408B-A6DA-B017C6125F83}.Debug|Any CPU.Build.0 = Debug|Any CPU
		{498BD0FC-8D9A-408B-A6DA-B017C6125F83}.Release|Any CPU.ActiveCfg = Release|Any CPU
		{498BD0FC-8D9A-408B-A6DA-B017C6125F83}.Release|Any CPU.Build.0 = Release|Any CPU
		{FD3D901E-4A6A-419A-9C4F-8BB2F82B3DE2}.Debug|Any CPU.ActiveCfg = Debug|Any CPU
		{FD3D901E-4A6A-419A-9C4F-8BB2F82B3DE2}.Debug|Any CPU.Build.0 = Debug|Any CPU
		{FD3D901E-4A6A-419A-9C4F-8BB2F82B3DE2}.Release|Any CPU.ActiveCfg = Release|Any CPU
		{FD3D901E-4A6A-419A-9C4F-8BB2F82B3DE2}.Release|Any CPU.Build.0 = Release|Any CPU
		{984CD8BE-58C7-451F-A196-AE28B317DA8B}.Debug|Any CPU.ActiveCfg = Debug|Any CPU
		{984CD8BE-58C7-451F-A196-AE28B317DA8B}.Debug|Any CPU.Build.0 = Debug|Any CPU
		{984CD8BE-58C7-451F-A196-AE28B317DA8B}.Release|Any CPU.ActiveCfg = Release|Any CPU
		{984CD8BE-58C7-451F-A196-AE28B317DA8B}.Release|Any CPU.Build.0 = Release|Any CPU
		{1EFF4002-1B97-4557-91B1-788D08B6F045}.Debug|Any CPU.ActiveCfg = Debug|Any CPU
		{1EFF4002-1B97-4557-91B1-788D08B6F045}.Debug|Any CPU.Build.0 = Debug|Any CPU
		{1EFF4002-1B97-4557-91B1-788D08B6F045}.Release|Any CPU.ActiveCfg = Release|Any CPU
		{1EFF4002-1B97-4557-91B1-788D08B6F045}.Release|Any CPU.Build.0 = Release|Any CPU
		{773EDC68-EC25-4B97-AECF-1F284FB49957}.Debug|Any CPU.ActiveCfg = Debug|Any CPU
		{773EDC68-EC25-4B97-AECF-1F284FB49957}.Debug|Any CPU.Build.0 = Debug|Any CPU
		{773EDC68-EC25-4B97-AECF-1F284FB49957}.Release|Any CPU.ActiveCfg = Release|Any CPU
		{773EDC68-EC25-4B97-AECF-1F284FB49957}.Release|Any CPU.Build.0 = Release|Any CPU
	EndGlobalSection
	GlobalSection(SolutionProperties) = preSolution
		HideSolutionNode = FALSE
	EndGlobalSection
	GlobalSection(ExtensibilityGlobals) = postSolution
		SolutionGuid = {95006943-7047-4C8D-BEE4-451CAFB01080}
	EndGlobalSection
EndGlobal
